# This file is autogenerated, do not edit; changes may be undone by the next 'dep ensure'.


[[projects]]
  name = "github.com/boltdb/bolt"
  packages = ["."]
  revision = "2f1ce7a837dcb8da3ec595b1dac9d0632f0f99e8"
  version = "v1.3.1"

[[projects]]
  name = "github.com/russross/blackfriday"
  packages = ["."]
  revision = "4048872b16cc0fc2c5fd9eacf0ed2c2fedaa0c8c"
  version = "v1.5"

[[projects]]
  branch = "master"
  name = "golang.org/x/sys"
  packages = ["unix"]
  revision = "b6e1ae21643682ce023deb8d152024597b0e9bb4"

[solve-meta]
  analyzer-name = "dep"
  analyzer-version = 1
  inputs-digest = "fdf4723998b14c077cb58263e9e1b70664136205a7cc26ee8c3d0d154a43eccc"
  solver-name = "gps-cdcl"
  solver-version = 1
